// !$*UTF8*$!
{
	archiveVersion = 1;
	classes = {
	};
	objectVersion = 48;
	objects = {

/* Begin PBXBuildFile section */
		69277B971FAE7E4C0068F01D /* CustomCell.swift in Sources */ = {isa = PBXBuildFile; fileRef = 69277B961FAE7E4C0068F01D /* CustomCell.swift */; };
		699A57D11FAE222A0056CDA8 /* AppDelegate.swift in Sources */ = {isa = PBXBuildFile; fileRef = 699A57D01FAE222A0056CDA8 /* AppDelegate.swift */; };
		699A57D61FAE222A0056CDA8 /* Main.storyboard in Resources */ = {isa = PBXBuildFile; fileRef = 699A57D41FAE222A0056CDA8 /* Main.storyboard */; };
		699A57D81FAE222A0056CDA8 /* Assets.xcassets in Resources */ = {isa = PBXBuildFile; fileRef = 699A57D71FAE222A0056CDA8 /* Assets.xcassets */; };
		699A57DB1FAE222A0056CDA8 /* LaunchScreen.storyboard in Resources */ = {isa = PBXBuildFile; fileRef = 699A57D91FAE222A0056CDA8 /* LaunchScreen.storyboard */; };
		699A57EA1FAE236C0056CDA8 /* Chameleon.framework in Frameworks */ = {isa = PBXBuildFile; fileRef = 699A57E91FAE236C0056CDA8 /* Chameleon.framework */; };
		699A57EB1FAE236C0056CDA8 /* Chameleon.framework in Embed Frameworks */ = {isa = PBXBuildFile; fileRef = 699A57E91FAE236C0056CDA8 /* Chameleon.framework */; settings = {ATTRIBUTES = (CodeSignOnCopy, RemoveHeadersOnCopy, ); }; };
		699A57EF1FAE26C60056CDA8 /* CustomColor.swift in Sources */ = {isa = PBXBuildFile; fileRef = 699A57EE1FAE26C60056CDA8 /* CustomColor.swift */; };
		699A57F21FAE282F0056CDA8 /* LoginSignUpViewController.swift in Sources */ = {isa = PBXBuildFile; fileRef = 699A57F11FAE282F0056CDA8 /* LoginSignUpViewController.swift */; };
		699A57F41FAE34D00056CDA8 /* CustomButton.swift in Sources */ = {isa = PBXBuildFile; fileRef = 699A57F31FAE34D00056CDA8 /* CustomButton.swift */; };
		699A57F61FAE39A90056CDA8 /* CustomLabel.swift in Sources */ = {isa = PBXBuildFile; fileRef = 699A57F51FAE39A90056CDA8 /* CustomLabel.swift */; };
		699A57FA1FAE4EC90056CDA8 /* HomeTableViewController.swift in Sources */ = {isa = PBXBuildFile; fileRef = 699A57F91FAE4EC90056CDA8 /* HomeTableViewController.swift */; };
		699A57FC1FAE4F110056CDA8 /* CategoryTableViewController.swift in Sources */ = {isa = PBXBuildFile; fileRef = 699A57FB1FAE4F110056CDA8 /* CategoryTableViewController.swift */; };
		699A57FE1FAE4F1D0056CDA8 /* FavouritesTableViewController.swift in Sources */ = {isa = PBXBuildFile; fileRef = 699A57FD1FAE4F1D0056CDA8 /* FavouritesTableViewController.swift */; };
		699A58001FAE4F3C0056CDA8 /* ProfileViewController.swift in Sources */ = {isa = PBXBuildFile; fileRef = 699A57FF1FAE4F3C0056CDA8 /* ProfileViewController.swift */; };
		69BF32D51FAF4084007B2339 /* CustomHomeDesignView.swift in Sources */ = {isa = PBXBuildFile; fileRef = 69BF32D41FAF4084007B2339 /* CustomHomeDesignView.swift */; };
		69BF32D91FAF45BC007B2339 /* Montserrat-Medium.otf in Resources */ = {isa = PBXBuildFile; fileRef = 69BF32D81FAF45BB007B2339 /* Montserrat-Medium.otf */; };
		69BF32DC1FAF4652007B2339 /* Montserrat-Regular.otf in Resources */ = {isa = PBXBuildFile; fileRef = 69BF32DA1FAF4650007B2339 /* Montserrat-Regular.otf */; };
		69BF32DD1FAF4652007B2339 /* Montserrat-Light.otf in Resources */ = {isa = PBXBuildFile; fileRef = 69BF32DB1FAF4651007B2339 /* Montserrat-Light.otf */; };
		69BF32DF1FAF69B8007B2339 /* CustomFeaturedCellTableViewCell.swift in Sources */ = {isa = PBXBuildFile; fileRef = 69BF32DE1FAF69B8007B2339 /* CustomFeaturedCellTableViewCell.swift */; };
		69BF32E11FAFA6D4007B2339 /* CustomContent.swift in Sources */ = {isa = PBXBuildFile; fileRef = 69BF32E01FAFA6D4007B2339 /* CustomContent.swift */; };
		69CD3E011FC6EBE6006A54F2 /* RecipeModel.swift in Sources */ = {isa = PBXBuildFile; fileRef = 69CD3E001FC6EBE6006A54F2 /* RecipeModel.swift */; };
		69CD3E031FC6EDA3006A54F2 /* HomeModel.swift in Sources */ = {isa = PBXBuildFile; fileRef = 69CD3E021FC6EDA3006A54F2 /* HomeModel.swift */; };
		69CD3E071FC71867006A54F2 /* RecipeViewController.swift in Sources */ = {isa = PBXBuildFile; fileRef = 69CD3E061FC71867006A54F2 /* RecipeViewController.swift */; };
/* End PBXBuildFile section */

/* Begin PBXCopyFilesBuildPhase section */
		699A57EC1FAE236C0056CDA8 /* Embed Frameworks */ = {
			isa = PBXCopyFilesBuildPhase;
			buildActionMask = 2147483647;
			dstPath = "";
			dstSubfolderSpec = 10;
			files = (
				699A57EB1FAE236C0056CDA8 /* Chameleon.framework in Embed Frameworks */,
			);
			name = "Embed Frameworks";
			runOnlyForDeploymentPostprocessing = 0;
		};
/* End PBXCopyFilesBuildPhase section */

/* Begin PBXFileReference section */
		69277B961FAE7E4C0068F01D /* CustomCell.swift */ = {isa = PBXFileReference; lastKnownFileType = sourcecode.swift; name = CustomCell.swift; path = FLAVOR/Custom/CustomCell.swift; sourceTree = SOURCE_ROOT; };
		699A57CD1FAE222A0056CDA8 /* FLAVOR.app */ = {isa = PBXFileReference; explicitFileType = wrapper.application; includeInIndex = 0; path = FLAVOR.app; sourceTree = BUILT_PRODUCTS_DIR; };
		699A57D01FAE222A0056CDA8 /* AppDelegate.swift */ = {isa = PBXFileReference; lastKnownFileType = sourcecode.swift; path = AppDelegate.swift; sourceTree = "<group>"; };
		699A57D51FAE222A0056CDA8 /* Base */ = {isa = PBXFileReference; lastKnownFileType = file.storyboard; name = Base; path = Base.lproj/Main.storyboard; sourceTree = "<group>"; };
		699A57D71FAE222A0056CDA8 /* Assets.xcassets */ = {isa = PBXFileReference; lastKnownFileType = folder.assetcatalog; path = Assets.xcassets; sourceTree = "<group>"; };
		699A57DA1FAE222A0056CDA8 /* Base */ = {isa = PBXFileReference; lastKnownFileType = file.storyboard; name = Base; path = Base.lproj/LaunchScreen.storyboard; sourceTree = "<group>"; };
		699A57DC1FAE222A0056CDA8 /* Info.plist */ = {isa = PBXFileReference; lastKnownFileType = text.plist.xml; path = Info.plist; sourceTree = "<group>"; };
		699A57E31FAE23450056CDA8 /* Chameleon.framework */ = {isa = PBXFileReference; lastKnownFileType = wrapper.framework; name = Chameleon.framework; path = FLAVOR/Carthage/Build/iOS/Chameleon.framework; sourceTree = "<group>"; };
		699A57E91FAE236C0056CDA8 /* Chameleon.framework */ = {isa = PBXFileReference; lastKnownFileType = wrapper.framework; name = Chameleon.framework; path = FLAVOR/Carthage/Build/iOS/Chameleon.framework; sourceTree = "<group>"; };
		699A57EE1FAE26C60056CDA8 /* CustomColor.swift */ = {isa = PBXFileReference; lastKnownFileType = sourcecode.swift; path = CustomColor.swift; sourceTree = "<group>"; };
		699A57F11FAE282F0056CDA8 /* LoginSignUpViewController.swift */ = {isa = PBXFileReference; lastKnownFileType = sourcecode.swift; path = LoginSignUpViewController.swift; sourceTree = "<group>"; };
		699A57F31FAE34D00056CDA8 /* CustomButton.swift */ = {isa = PBXFileReference; lastKnownFileType = sourcecode.swift; path = CustomButton.swift; sourceTree = "<group>"; };
		699A57F51FAE39A90056CDA8 /* CustomLabel.swift */ = {isa = PBXFileReference; lastKnownFileType = sourcecode.swift; path = CustomLabel.swift; sourceTree = "<group>"; };
		699A57F91FAE4EC90056CDA8 /* HomeTableViewController.swift */ = {isa = PBXFileReference; lastKnownFileType = sourcecode.swift; path = HomeTableViewController.swift; sourceTree = "<group>"; };
		699A57FB1FAE4F110056CDA8 /* CategoryTableViewController.swift */ = {isa = PBXFileReference; lastKnownFileType = sourcecode.swift; path = CategoryTableViewController.swift; sourceTree = "<group>"; };
		699A57FD1FAE4F1D0056CDA8 /* FavouritesTableViewController.swift */ = {isa = PBXFileReference; lastKnownFileType = sourcecode.swift; path = FavouritesTableViewController.swift; sourceTree = "<group>"; };
		699A57FF1FAE4F3C0056CDA8 /* ProfileViewController.swift */ = {isa = PBXFileReference; lastKnownFileType = sourcecode.swift; path = ProfileViewController.swift; sourceTree = "<group>"; };
		69BF32D41FAF4084007B2339 /* CustomHomeDesignView.swift */ = {isa = PBXFileReference; lastKnownFileType = sourcecode.swift; path = CustomHomeDesignView.swift; sourceTree = "<group>"; };
		69BF32D81FAF45BB007B2339 /* Montserrat-Medium.otf */ = {isa = PBXFileReference; lastKnownFileType = file; path = "Montserrat-Medium.otf"; sourceTree = "<group>"; };
		69BF32DA1FAF4650007B2339 /* Montserrat-Regular.otf */ = {isa = PBXFileReference; lastKnownFileType = file; path = "Montserrat-Regular.otf"; sourceTree = "<group>"; };
		69BF32DB1FAF4651007B2339 /* Montserrat-Light.otf */ = {isa = PBXFileReference; lastKnownFileType = file; path = "Montserrat-Light.otf"; sourceTree = "<group>"; };
		69BF32DE1FAF69B8007B2339 /* CustomFeaturedCellTableViewCell.swift */ = {isa = PBXFileReference; lastKnownFileType = sourcecode.swift; path = CustomFeaturedCellTableViewCell.swift; sourceTree = "<group>"; };
		69BF32E01FAFA6D4007B2339 /* CustomContent.swift */ = {isa = PBXFileReference; lastKnownFileType = sourcecode.swift; path = CustomContent.swift; sourceTree = "<group>"; };
		69CD3E001FC6EBE6006A54F2 /* RecipeModel.swift */ = {isa = PBXFileReference; lastKnownFileType = sourcecode.swift; path = RecipeModel.swift; sourceTree = "<group>"; };
		69CD3E021FC6EDA3006A54F2 /* HomeModel.swift */ = {isa = PBXFileReference; lastKnownFileType = sourcecode.swift; path = HomeModel.swift; sourceTree = "<group>"; };
		69CD3E061FC71867006A54F2 /* RecipeViewController.swift */ = {isa = PBXFileReference; lastKnownFileType = sourcecode.swift; path = RecipeViewController.swift; sourceTree = "<group>"; };
/* End PBXFileReference section */

/* Begin PBXFrameworksBuildPhase section */
		699A57CA1FAE222A0056CDA8 /* Frameworks */ = {
			isa = PBXFrameworksBuildPhase;
			buildActionMask = 2147483647;
			files = (
				699A57EA1FAE236C0056CDA8 /* Chameleon.framework in Frameworks */,
			);
			runOnlyForDeploymentPostprocessing = 0;
		};
/* End PBXFrameworksBuildPhase section */

/* Begin PBXGroup section */
		699A57C41FAE222A0056CDA8 = {
			isa = PBXGroup;
			children = (
				699A57E91FAE236C0056CDA8 /* Chameleon.framework */,
				699A57CF1FAE222A0056CDA8 /* FLAVOR */,
				699A57CE1FAE222A0056CDA8 /* Products */,
				699A57E21FAE23450056CDA8 /* Frameworks */,
			);
			sourceTree = "<group>";
		};
		699A57CE1FAE222A0056CDA8 /* Products */ = {
			isa = PBXGroup;
			children = (
				699A57CD1FAE222A0056CDA8 /* FLAVOR.app */,
			);
			name = Products;
			sourceTree = "<group>";
		};
		699A57CF1FAE222A0056CDA8 /* FLAVOR */ = {
			isa = PBXGroup;
			children = (
				69BF32D61FAF4597007B2339 /* Fonts */,
				699A57F01FAE27FE0056CDA8 /* View Controllers */,
				699A57ED1FAE26B20056CDA8 /* Custom */,
				699A57D01FAE222A0056CDA8 /* AppDelegate.swift */,
				699A57D41FAE222A0056CDA8 /* Main.storyboard */,
				699A57D71FAE222A0056CDA8 /* Assets.xcassets */,
				699A57D91FAE222A0056CDA8 /* LaunchScreen.storyboard */,
				699A57DC1FAE222A0056CDA8 /* Info.plist */,
				69CD3E051FC7183E006A54F2 /* Models */,
			);
			path = FLAVOR;
			sourceTree = "<group>";
		};
		699A57E21FAE23450056CDA8 /* Frameworks */ = {
			isa = PBXGroup;
			children = (
				699A57E31FAE23450056CDA8 /* Chameleon.framework */,
			);
			name = Frameworks;
			sourceTree = "<group>";
		};
		699A57ED1FAE26B20056CDA8 /* Custom */ = {
			isa = PBXGroup;
			children = (
				69277B961FAE7E4C0068F01D /* CustomCell.swift */,
				699A57EE1FAE26C60056CDA8 /* CustomColor.swift */,
				699A57F31FAE34D00056CDA8 /* CustomButton.swift */,
				699A57F51FAE39A90056CDA8 /* CustomLabel.swift */,
				69BF32D41FAF4084007B2339 /* CustomHomeDesignView.swift */,
				69BF32DE1FAF69B8007B2339 /* CustomFeaturedCellTableViewCell.swift */,
				69BF32E01FAFA6D4007B2339 /* CustomContent.swift */,
			);
			path = Custom;
			sourceTree = "<group>";
		};
		699A57F01FAE27FE0056CDA8 /* View Controllers */ = {
			isa = PBXGroup;
			children = (
				699A57F11FAE282F0056CDA8 /* LoginSignUpViewController.swift */,
				699A57F91FAE4EC90056CDA8 /* HomeTableViewController.swift */,
				699A57FB1FAE4F110056CDA8 /* CategoryTableViewController.swift */,
				699A57FD1FAE4F1D0056CDA8 /* FavouritesTableViewController.swift */,
				699A57FF1FAE4F3C0056CDA8 /* ProfileViewController.swift */,
				69CD3E061FC71867006A54F2 /* RecipeViewController.swift */,
			);
			path = "View Controllers";
			sourceTree = "<group>";
		};
		69BF32D61FAF4597007B2339 /* Fonts */ = {
			isa = PBXGroup;
			children = (
				69BF32D81FAF45BB007B2339 /* Montserrat-Medium.otf */,
				69BF32DB1FAF4651007B2339 /* Montserrat-Light.otf */,
				69BF32DA1FAF4650007B2339 /* Montserrat-Regular.otf */,
			);
			path = Fonts;
			sourceTree = "<group>";
		};
		69CD3E051FC7183E006A54F2 /* Models */ = {
			isa = PBXGroup;
			children = (
				69CD3E001FC6EBE6006A54F2 /* RecipeModel.swift */,
				69CD3E021FC6EDA3006A54F2 /* HomeModel.swift */,
			);
			path = Models;
			sourceTree = "<group>";
		};
/* End PBXGroup section */

/* Begin PBXNativeTarget section */
		699A57CC1FAE222A0056CDA8 /* FLAVOR */ = {
			isa = PBXNativeTarget;
			buildConfigurationList = 699A57DF1FAE222A0056CDA8 /* Build configuration list for PBXNativeTarget "FLAVOR" */;
			buildPhases = (
				699A57C91FAE222A0056CDA8 /* Sources */,
				699A57CA1FAE222A0056CDA8 /* Frameworks */,
				699A57CB1FAE222A0056CDA8 /* Resources */,
				699A57EC1FAE236C0056CDA8 /* Embed Frameworks */,
			);
			buildRules = (
			);
			dependencies = (
			);
			name = FLAVOR;
			productName = FLAVOR;
			productReference = 699A57CD1FAE222A0056CDA8 /* FLAVOR.app */;
			productType = "com.apple.product-type.application";
		};
/* End PBXNativeTarget section */

/* Begin PBXProject section */
		699A57C51FAE222A0056CDA8 /* Project object */ = {
			isa = PBXProject;
			attributes = {
				LastSwiftUpdateCheck = 0910;
				LastUpgradeCheck = 0910;
				ORGANIZATIONNAME = "Lukáš Lipovský";
				TargetAttributes = {
					699A57CC1FAE222A0056CDA8 = {
						CreatedOnToolsVersion = 9.1;
						ProvisioningStyle = Automatic;
					};
				};
			};
			buildConfigurationList = 699A57C81FAE222A0056CDA8 /* Build configuration list for PBXProject "FLAVOR" */;
			compatibilityVersion = "Xcode 8.0";
			developmentRegion = en;
			hasScannedForEncodings = 0;
			knownRegions = (
				en,
				Base,
			);
			mainGroup = 699A57C41FAE222A0056CDA8;
			productRefGroup = 699A57CE1FAE222A0056CDA8 /* Products */;
			projectDirPath = "";
			projectRoot = "";
			targets = (
				699A57CC1FAE222A0056CDA8 /* FLAVOR */,
			);
		};
/* End PBXProject section */

/* Begin PBXResourcesBuildPhase section */
		699A57CB1FAE222A0056CDA8 /* Resources */ = {
			isa = PBXResourcesBuildPhase;
			buildActionMask = 2147483647;
			files = (
				699A57DB1FAE222A0056CDA8 /* LaunchScreen.storyboard in Resources */,
				69BF32D91FAF45BC007B2339 /* Montserrat-Medium.otf in Resources */,
				699A57D81FAE222A0056CDA8 /* Assets.xcassets in Resources */,
				69BF32DC1FAF4652007B2339 /* Montserrat-Regular.otf in Resources */,
				699A57D61FAE222A0056CDA8 /* Main.storyboard in Resources */,
				69BF32DD1FAF4652007B2339 /* Montserrat-Light.otf in Resources */,
			);
			runOnlyForDeploymentPostprocessing = 0;
		};
/* End PBXResourcesBuildPhase section */

/* Begin PBXSourcesBuildPhase section */
		699A57C91FAE222A0056CDA8 /* Sources */ = {
			isa = PBXSourcesBuildPhase;
			buildActionMask = 2147483647;
			files = (
				699A57FC1FAE4F110056CDA8 /* CategoryTableViewController.swift in Sources */,
				69BF32D51FAF4084007B2339 /* CustomHomeDesignView.swift in Sources */,
				69BF32DF1FAF69B8007B2339 /* CustomFeaturedCellTableViewCell.swift in Sources */,
				699A57FA1FAE4EC90056CDA8 /* HomeTableViewController.swift in Sources */,
				69277B971FAE7E4C0068F01D /* CustomCell.swift in Sources */,
				69BF32E11FAFA6D4007B2339 /* CustomContent.swift in Sources */,
				699A57F41FAE34D00056CDA8 /* CustomButton.swift in Sources */,
				69CD3E011FC6EBE6006A54F2 /* RecipeModel.swift in Sources */,
				69CD3E031FC6EDA3006A54F2 /* HomeModel.swift in Sources */,
				699A57F61FAE39A90056CDA8 /* CustomLabel.swift in Sources */,
				699A57D11FAE222A0056CDA8 /* AppDelegate.swift in Sources */,
				699A57FE1FAE4F1D0056CDA8 /* FavouritesTableViewController.swift in Sources */,
				69CD3E071FC71867006A54F2 /* RecipeViewController.swift in Sources */,
				699A58001FAE4F3C0056CDA8 /* ProfileViewController.swift in Sources */,
				699A57F21FAE282F0056CDA8 /* LoginSignUpViewController.swift in Sources */,
				699A57EF1FAE26C60056CDA8 /* CustomColor.swift in Sources */,
			);
			runOnlyForDeploymentPostprocessing = 0;
		};
/* End PBXSourcesBuildPhase section */

/* Begin PBXVariantGroup section */
		699A57D41FAE222A0056CDA8 /* Main.storyboard */ = {
			isa = PBXVariantGroup;
			children = (
				699A57D51FAE222A0056CDA8 /* Base */,
			);
			name = Main.storyboard;
			sourceTree = "<group>";
		};
		699A57D91FAE222A0056CDA8 /* LaunchScreen.storyboard */ = {
			isa = PBXVariantGroup;
			children = (
				699A57DA1FAE222A0056CDA8 /* Base */,
			);
			name = LaunchScreen.storyboard;
			sourceTree = "<group>";
		};
/* End PBXVariantGroup section */

/* Begin XCBuildConfiguration section */
		699A57DD1FAE222A0056CDA8 /* Debug */ = {
			isa = XCBuildConfiguration;
			buildSettings = {
				ALWAYS_SEARCH_USER_PATHS = NO;
				CLANG_ANALYZER_NONNULL = YES;
				CLANG_ANALYZER_NUMBER_OBJECT_CONVERSION = YES_AGGRESSIVE;
				CLANG_CXX_LANGUAGE_STANDARD = "gnu++14";
				CLANG_CXX_LIBRARY = "libc++";
				CLANG_ENABLE_MODULES = YES;
				CLANG_ENABLE_OBJC_ARC = YES;
				CLANG_WARN_BLOCK_CAPTURE_AUTORELEASING = YES;
				CLANG_WARN_BOOL_CONVERSION = YES;
				CLANG_WARN_COMMA = YES;
				CLANG_WARN_CONSTANT_CONVERSION = YES;
				CLANG_WARN_DIRECT_OBJC_ISA_USAGE = YES_ERROR;
				CLANG_WARN_DOCUMENTATION_COMMENTS = YES;
				CLANG_WARN_EMPTY_BODY = YES;
				CLANG_WARN_ENUM_CONVERSION = YES;
				CLANG_WARN_INFINITE_RECURSION = YES;
				CLANG_WARN_INT_CONVERSION = YES;
				CLANG_WARN_NON_LITERAL_NULL_CONVERSION = YES;
				CLANG_WARN_OBJC_LITERAL_CONVERSION = YES;
				CLANG_WARN_OBJC_ROOT_CLASS = YES_ERROR;
				CLANG_WARN_RANGE_LOOP_ANALYSIS = YES;
				CLANG_WARN_STRICT_PROTOTYPES = YES;
				CLANG_WARN_SUSPICIOUS_MOVE = YES;
				CLANG_WARN_UNGUARDED_AVAILABILITY = YES_AGGRESSIVE;
				CLANG_WARN_UNREACHABLE_CODE = YES;
				CLANG_WARN__DUPLICATE_METHOD_MATCH = YES;
				CODE_SIGN_IDENTITY = "iPhone Developer";
				COPY_PHASE_STRIP = NO;
				DEBUG_INFORMATION_FORMAT = dwarf;
				ENABLE_STRICT_OBJC_MSGSEND = YES;
				ENABLE_TESTABILITY = YES;
				GCC_C_LANGUAGE_STANDARD = gnu11;
				GCC_DYNAMIC_NO_PIC = NO;
				GCC_NO_COMMON_BLOCKS = YES;
				GCC_OPTIMIZATION_LEVEL = 0;
				GCC_PREPROCESSOR_DEFINITIONS = (
					"DEBUG=1",
					"$(inherited)",
				);
				GCC_WARN_64_TO_32_BIT_CONVERSION = YES;
				GCC_WARN_ABOUT_RETURN_TYPE = YES_ERROR;
				GCC_WARN_UNDECLARED_SELECTOR = YES;
				GCC_WARN_UNINITIALIZED_AUTOS = YES_AGGRESSIVE;
				GCC_WARN_UNUSED_FUNCTION = YES;
				GCC_WARN_UNUSED_VARIABLE = YES;
				IPHONEOS_DEPLOYMENT_TARGET = 11.1;
				MTL_ENABLE_DEBUG_INFO = YES;
				ONLY_ACTIVE_ARCH = YES;
				SDKROOT = iphoneos;
				SWIFT_ACTIVE_COMPILATION_CONDITIONS = DEBUG;
				SWIFT_OPTIMIZATION_LEVEL = "-Onone";
			};
			name = Debug;
		};
		699A57DE1FAE222A0056CDA8 /* Release */ = {
			isa = XCBuildConfiguration;
			buildSettings = {
				ALWAYS_SEARCH_USER_PATHS = NO;
				CLANG_ANALYZER_NONNULL = YES;
				CLANG_ANALYZER_NUMBER_OBJECT_CONVERSION = YES_AGGRESSIVE;
				CLANG_CXX_LANGUAGE_STANDARD = "gnu++14";
				CLANG_CXX_LIBRARY = "libc++";
				CLANG_ENABLE_MODULES = YES;
				CLANG_ENABLE_OBJC_ARC = YES;
				CLANG_WARN_BLOCK_CAPTURE_AUTORELEASING = YES;
				CLANG_WARN_BOOL_CONVERSION = YES;
				CLANG_WARN_COMMA = YES;
				CLANG_WARN_CONSTANT_CONVERSION = YES;
				CLANG_WARN_DIRECT_OBJC_ISA_USAGE = YES_ERROR;
				CLANG_WARN_DOCUMENTATION_COMMENTS = YES;
				CLANG_WARN_EMPTY_BODY = YES;
				CLANG_WARN_ENUM_CONVERSION = YES;
				CLANG_WARN_INFINITE_RECURSION = YES;
				CLANG_WARN_INT_CONVERSION = YES;
				CLANG_WARN_NON_LITERAL_NULL_CONVERSION = YES;
				CLANG_WARN_OBJC_LITERAL_CONVERSION = YES;
				CLANG_WARN_OBJC_ROOT_CLASS = YES_ERROR;
				CLANG_WARN_RANGE_LOOP_ANALYSIS = YES;
				CLANG_WARN_STRICT_PROTOTYPES = YES;
				CLANG_WARN_SUSPICIOUS_MOVE = YES;
				CLANG_WARN_UNGUARDED_AVAILABILITY = YES_AGGRESSIVE;
				CLANG_WARN_UNREACHABLE_CODE = YES;
				CLANG_WARN__DUPLICATE_METHOD_MATCH = YES;
				CODE_SIGN_IDENTITY = "iPhone Developer";
				COPY_PHASE_STRIP = NO;
				DEBUG_INFORMATION_FORMAT = "dwarf-with-dsym";
				ENABLE_NS_ASSERTIONS = NO;
				ENABLE_STRICT_OBJC_MSGSEND = YES;
				GCC_C_LANGUAGE_STANDARD = gnu11;
				GCC_NO_COMMON_BLOCKS = YES;
				GCC_WARN_64_TO_32_BIT_CONVERSION = YES;
				GCC_WARN_ABOUT_RETURN_TYPE = YES_ERROR;
				GCC_WARN_UNDECLARED_SELECTOR = YES;
				GCC_WARN_UNINITIALIZED_AUTOS = YES_AGGRESSIVE;
				GCC_WARN_UNUSED_FUNCTION = YES;
				GCC_WARN_UNUSED_VARIABLE = YES;
				IPHONEOS_DEPLOYMENT_TARGET = 11.1;
				MTL_ENABLE_DEBUG_INFO = NO;
				SDKROOT = iphoneos;
				SWIFT_OPTIMIZATION_LEVEL = "-Owholemodule";
				VALIDATE_PRODUCT = YES;
			};
			name = Release;
		};
		699A57E01FAE222A0056CDA8 /* Debug */ = {
			isa = XCBuildConfiguration;
			buildSettings = {
				ASSETCATALOG_COMPILER_APPICON_NAME = AppIcon;
				CODE_SIGN_STYLE = Automatic;
				DEVELOPMENT_TEAM = FHJ2XE9C65;
				FRAMEWORK_SEARCH_PATHS = (
					"$(inherited)",
					"$(PROJECT_DIR)/FLAVOR/Carthage/Build/iOS",
				);
				INFOPLIST_FILE = FLAVOR/Info.plist;
				LD_RUNPATH_SEARCH_PATHS = "$(inherited) @executable_path/Frameworks";
				PRODUCT_BUNDLE_IDENTIFIER = hater.sk.FLAVOR;
				PRODUCT_NAME = "$(TARGET_NAME)";
				SWIFT_VERSION = 4.0;
				TARGETED_DEVICE_FAMILY = "1,2";
			};
			name = Debug;
		};
		699A57E11FAE222A0056CDA8 /* Release */ = {
			isa = XCBuildConfiguration;
			buildSettings = {
				ASSETCATALOG_COMPILER_APPICON_NAME = AppIcon;
				CODE_SIGN_STYLE = Automatic;
				DEVELOPMENT_TEAM = FHJ2XE9C65;
				FRAMEWORK_SEARCH_PATHS = (
					"$(inherited)",
					"$(PROJECT_DIR)/FLAVOR/Carthage/Build/iOS",
				);
				INFOPLIST_FILE = FLAVOR/Info.plist;
				LD_RUNPATH_SEARCH_PATHS = "$(inherited) @executable_path/Frameworks";
				PRODUCT_BUNDLE_IDENTIFIER = hater.sk.FLAVOR;
				PRODUCT_NAME = "$(TARGET_NAME)";
				SWIFT_VERSION = 4.0;
				TARGETED_DEVICE_FAMILY = "1,2";
			};
			name = Release;
		};
/* End XCBuildConfiguration section */

/* Begin XCConfigurationList section */
		699A57C81FAE222A0056CDA8 /* Build configuration list for PBXProject "FLAVOR" */ = {
			isa = XCConfigurationList;
			buildConfigurations = (
				699A57DD1FAE222A0056CDA8 /* Debug */,
				699A57DE1FAE222A0056CDA8 /* Release */,
			);
			defaultConfigurationIsVisible = 0;
			defaultConfigurationName = Release;
		};
		699A57DF1FAE222A0056CDA8 /* Build configuration list for PBXNativeTarget "FLAVOR" */ = {
			isa = XCConfigurationList;
			buildConfigurations = (
				699A57E01FAE222A0056CDA8 /* Debug */,
				699A57E11FAE222A0056CDA8 /* Release */,
			);
			defaultConfigurationIsVisible = 0;
			defaultConfigurationName = Release;
		};
/* End XCConfigurationList section */
	};
	rootObject = 699A57C51FAE222A0056CDA8 /* Project object */;
}
